
Microsoft Visual Studio Solution File, Format Version 12.00
# Visual Studio 15
VisualStudioVersion = 15.0.26730.12
MinimumVisualStudioVersion = 10.0.40219.1
Project("{F184B08F-C81C-45F6-A57F-5ABD9991F28F}") = "SampleAuthorBasic", "SampleAuthorBasic.vbproj", "{C5300A73-B20B-4D34-AAC3-12A36A17184F}"
EndProject
Global
	GlobalSection(SolutionConfigurationPlatforms) = preSolution
		Debug|Any CPU = Debug|Any CPU
		Release|Any CPU = Release|Any CPU
	EndGlobalSection
	GlobalSection(ProjectConfigurationPlatforms) = postSolution
		{C5300A73-B20B-4D34-AAC3-12A36A17184F}.Debug|Any CPU.ActiveCfg = Debug|Any CPU
		{C5300A73-B20B-4D34-AAC3-12A36A17184F}.Debug|Any CPU.Build.0 = Debug|Any CPU
		{C5300A73-B20B-4D34-AAC3-12A36A17184F}.Release|Any CPU.ActiveCfg = Release|Any CPU
		{C5300A73-B20B-4D34-AAC3-12A36A17184F}.Release|Any CPU.Build.0 = Release|Any CPU
	EndGlobalSection
	GlobalSection(SolutionProperties) = preSolution
		HideSolutionNode = FALSE
	EndGlobalSection
	GlobalSection(ExtensibilityGlobals) = postSolution
		SolutionGuid = {CC08C55A-EFA3-41FD-AA93-CBA2D157A8E4}
	EndGlobalSection
EndGlobal
